
Microsoft Visual Studio Solution File, Format Version 12.00
# Visual Studio Version 17
VisualStudioVersion = 17.11.35431.28
MinimumVisualStudioVersion = 10.0.40219.1
Project("{FAE04EC0-301F-11D3-BF4B-00C04F79EFBC}") = "BTG_Pactual", "BTG_Pactual\BTG_Pactual.csproj", "{7522C88D-381E-4175-BC26-065D1F009FFC}"
EndProject
Global
	GlobalSection(SolutionConfigurationPlatforms) = preSolution
		Debug|Any CPU = Debug|Any CPU
		Release|Any CPU = Release|Any CPU
	EndGlobalSection
	GlobalSection(ProjectConfigurationPlatforms) = postSolution
		{7522C88D-381E-4175-BC26-065D1F009FFC}.Debug|Any CPU.ActiveCfg = Debug|Any CPU
		{7522C88D-381E-4175-BC26-065D1F009FFC}.Debug|Any CPU.Build.0 = Debug|Any CPU
		{7522C88D-381E-4175-BC26-065D1F009FFC}.Debug|Any CPU.Deploy.0 = Debug|Any CPU
		{7522C88D-381E-4175-BC26-065D1F009FFC}.Release|Any CPU.ActiveCfg = Release|Any CPU
		{7522C88D-381E-4175-BC26-065D1F009FFC}.Release|Any CPU.Build.0 = Release|Any CPU
		{7522C88D-381E-4175-BC26-065D1F009FFC}.Release|Any CPU.Deploy.0 = Release|Any CPU
	EndGlobalSection
	GlobalSection(SolutionProperties) = preSolution
		HideSolutionNode = FALSE
	EndGlobalSection
	GlobalSection(ExtensibilityGlobals) = postSolution
		SolutionGuid = {7FCAA87B-6D71-4812-9FE7-022569DE39B1}
	EndGlobalSection
EndGlobal
